
Microsoft Visual Studio Solution File, Format Version 12.00
# Visual Studio Version 16
VisualStudioVersion = 16.0.30204.135
MinimumVisualStudioVersion = 10.0.40219.1
Project("{9A19103F-16F7-4668-BE54-9A1E7A4F7556}") = "EjemploBlazorServer.Shared", "EjemploBlazorServer.Shared\EjemploBlazorServer.Shared.csproj", "{3F12EB35-D96F-44A0-A183-8290BB9590B8}"
EndProject
Project("{9A19103F-16F7-4668-BE54-9A1E7A4F7556}") = "EjemploBlazorServer.Web", "EjemploBlazorServer.Web\EjemploBlazorServer.Web.csproj", "{69C00FF1-8E49-426E-9C51-7B9989FE27A2}"
EndProject
Project("{FAE04EC0-301F-11D3-BF4B-00C04F79EFBC}") = "EjemploBlazorServer.Api", "EjemploBlazorServer.Api\EjemploBlazorServer.Api.csproj", "{FC051F89-4BFF-4AFB-87DB-601489B6ACF1}"
EndProject
Global
	GlobalSection(SolutionConfigurationPlatforms) = preSolution
		Debug|Any CPU = Debug|Any CPU
		Release|Any CPU = Release|Any CPU
	EndGlobalSection
	GlobalSection(ProjectConfigurationPlatforms) = postSolution
		{3F12EB35-D96F-44A0-A183-8290BB9590B8}.Debug|Any CPU.ActiveCfg = Debug|Any CPU
		{3F12EB35-D96F-44A0-A183-8290BB9590B8}.Debug|Any CPU.Build.0 = Debug|Any CPU
		{3F12EB35-D96F-44A0-A183-8290BB9590B8}.Release|Any CPU.ActiveCfg = Release|Any CPU
		{3F12EB35-D96F-44A0-A183-8290BB9590B8}.Release|Any CPU.Build.0 = Release|Any CPU
		{69C00FF1-8E49-426E-9C51-7B9989FE27A2}.Debug|Any CPU.ActiveCfg = Debug|Any CPU
		{69C00FF1-8E49-426E-9C51-7B9989FE27A2}.Debug|Any CPU.Build.0 = Debug|Any CPU
		{69C00FF1-8E49-426E-9C51-7B9989FE27A2}.Release|Any CPU.ActiveCfg = Release|Any CPU
		{69C00FF1-8E49-426E-9C51-7B9989FE27A2}.Release|Any CPU.Build.0 = Release|Any CPU
		{FC051F89-4BFF-4AFB-87DB-601489B6ACF1}.Debug|Any CPU.ActiveCfg = Debug|Any CPU
		{FC051F89-4BFF-4AFB-87DB-601489B6ACF1}.Debug|Any CPU.Build.0 = Debug|Any CPU
		{FC051F89-4BFF-4AFB-87DB-601489B6ACF1}.Release|Any CPU.ActiveCfg = Release|Any CPU
		{FC051F89-4BFF-4AFB-87DB-601489B6ACF1}.Release|Any CPU.Build.0 = Release|Any CPU
	EndGlobalSection
	GlobalSection(SolutionProperties) = preSolution
		HideSolutionNode = FALSE
	EndGlobalSection
	GlobalSection(ExtensibilityGlobals) = postSolution
		SolutionGuid = {4721E069-F0CF-4C8B-BADF-A00A8CFA561A}
	EndGlobalSection
EndGlobal
